// !$*UTF8*$!
{
	archiveVersion = 1;
	classes = {
	};
	objectVersion = 55;
	objects = {

/* Begin PBXBuildFile section */
		861BA777286084DD00DFD726 /* Something_To_ReadApp.swift in Sources */ = {isa = PBXBuildFile; fileRef = 861BA776286084DD00DFD726 /* Something_To_ReadApp.swift */; };
		861BA779286084DD00DFD726 /* ContentView.swift in Sources */ = {isa = PBXBuildFile; fileRef = 861BA778286084DD00DFD726 /* ContentView.swift */; };
		861BA77B286084DF00DFD726 /* Assets.xcassets in Resources */ = {isa = PBXBuildFile; fileRef = 861BA77A286084DF00DFD726 /* Assets.xcassets */; };
		861BA77E286084DF00DFD726 /* Preview Assets.xcassets in Resources */ = {isa = PBXBuildFile; fileRef = 861BA77D286084DF00DFD726 /* Preview Assets.xcassets */; };
		861BA788286084DF00DFD726 /* Something_To_ReadTests.swift in Sources */ = {isa = PBXBuildFile; fileRef = 861BA787286084DF00DFD726 /* Something_To_ReadTests.swift */; };
		861BA792286084DF00DFD726 /* Something_To_ReadUITests.swift in Sources */ = {isa = PBXBuildFile; fileRef = 861BA791286084DF00DFD726 /* Something_To_ReadUITests.swift */; };
		861BA794286084DF00DFD726 /* Something_To_ReadUITestsLaunchTests.swift in Sources */ = {isa = PBXBuildFile; fileRef = 861BA793286084DF00DFD726 /* Something_To_ReadUITestsLaunchTests.swift */; };
		861BA7A128608B3F00DFD726 /* Category.swift in Sources */ = {isa = PBXBuildFile; fileRef = 861BA7A028608B3F00DFD726 /* Category.swift */; };
		861BA7A328608F4900DFD726 /* BestsellersView.swift in Sources */ = {isa = PBXBuildFile; fileRef = 861BA7A228608F4900DFD726 /* BestsellersView.swift */; };
		861BA7A52860909F00DFD726 /* DateView.swift in Sources */ = {isa = PBXBuildFile; fileRef = 861BA7A42860909F00DFD726 /* DateView.swift */; };
		861BA7A72860961100DFD726 /* Book.swift in Sources */ = {isa = PBXBuildFile; fileRef = 861BA7A62860961100DFD726 /* Book.swift */; };
		861BA7A92860AA9000DFD726 /* DetailsView.swift in Sources */ = {isa = PBXBuildFile; fileRef = 861BA7A82860AA9000DFD726 /* DetailsView.swift */; };
		861BA7AD2861188D00DFD726 /* ReadLaterView.swift in Sources */ = {isa = PBXBuildFile; fileRef = 861BA7AC2861188D00DFD726 /* ReadLaterView.swift */; };
		8629285128611B9C001533B7 /* ReadingList.xcdatamodeld in Sources */ = {isa = PBXBuildFile; fileRef = 8629284F28611B9C001533B7 /* ReadingList.xcdatamodeld */; };
		8629285328611D6D001533B7 /* DataController.swift in Sources */ = {isa = PBXBuildFile; fileRef = 8629285228611D6D001533B7 /* DataController.swift */; };
		8629285828612011001533B7 /* SavedBook+CoreDataClass.swift in Sources */ = {isa = PBXBuildFile; fileRef = 8629285428612011001533B7 /* SavedBook+CoreDataClass.swift */; };
		8629285928612011001533B7 /* SavedBook+CoreDataProperties.swift in Sources */ = {isa = PBXBuildFile; fileRef = 8629285528612011001533B7 /* SavedBook+CoreDataProperties.swift */; };
		8629285A28612011001533B7 /* SavedBuyLink+CoreDataClass.swift in Sources */ = {isa = PBXBuildFile; fileRef = 8629285628612011001533B7 /* SavedBuyLink+CoreDataClass.swift */; };
		8629285B28612011001533B7 /* SavedBuyLink+CoreDataProperties.swift in Sources */ = {isa = PBXBuildFile; fileRef = 8629285728612011001533B7 /* SavedBuyLink+CoreDataProperties.swift */; };
		8629285D2861F933001533B7 /* FilterView.swift in Sources */ = {isa = PBXBuildFile; fileRef = 8629285C2861F933001533B7 /* FilterView.swift */; };
/* End PBXBuildFile section */

/* Begin PBXContainerItemProxy section */
		861BA784286084DF00DFD726 /* PBXContainerItemProxy */ = {
			isa = PBXContainerItemProxy;
			containerPortal = 861BA76B286084DD00DFD726 /* Project object */;
			proxyType = 1;
			remoteGlobalIDString = 861BA772286084DD00DFD726;
			remoteInfo = "Something To Read";
		};
		861BA78E286084DF00DFD726 /* PBXContainerItemProxy */ = {
			isa = PBXContainerItemProxy;
			containerPortal = 861BA76B286084DD00DFD726 /* Project object */;
			proxyType = 1;
			remoteGlobalIDString = 861BA772286084DD00DFD726;
			remoteInfo = "Something To Read";
		};
/* End PBXContainerItemProxy section */

/* Begin PBXFileReference section */
		861BA773286084DD00DFD726 /* Something To Read.app */ = {isa = PBXFileReference; explicitFileType = wrapper.application; includeInIndex = 0; path = "Something To Read.app"; sourceTree = BUILT_PRODUCTS_DIR; };
		861BA776286084DD00DFD726 /* Something_To_ReadApp.swift */ = {isa = PBXFileReference; lastKnownFileType = sourcecode.swift; path = Something_To_ReadApp.swift; sourceTree = "<group>"; };
		861BA778286084DD00DFD726 /* ContentView.swift */ = {isa = PBXFileReference; lastKnownFileType = sourcecode.swift; path = ContentView.swift; sourceTree = "<group>"; };
		861BA77A286084DF00DFD726 /* Assets.xcassets */ = {isa = PBXFileReference; lastKnownFileType = folder.assetcatalog; path = Assets.xcassets; sourceTree = "<group>"; };
		861BA77D286084DF00DFD726 /* Preview Assets.xcassets */ = {isa = PBXFileReference; lastKnownFileType = folder.assetcatalog; path = "Preview Assets.xcassets"; sourceTree = "<group>"; };
		861BA783286084DF00DFD726 /* Something To ReadTests.xctest */ = {isa = PBXFileReference; explicitFileType = wrapper.cfbundle; includeInIndex = 0; path = "Something To ReadTests.xctest"; sourceTree = BUILT_PRODUCTS_DIR; };
		861BA787286084DF00DFD726 /* Something_To_ReadTests.swift */ = {isa = PBXFileReference; lastKnownFileType = sourcecode.swift; path = Something_To_ReadTests.swift; sourceTree = "<group>"; };
		861BA78D286084DF00DFD726 /* Something To ReadUITests.xctest */ = {isa = PBXFileReference; explicitFileType = wrapper.cfbundle; includeInIndex = 0; path = "Something To ReadUITests.xctest"; sourceTree = BUILT_PRODUCTS_DIR; };
		861BA791286084DF00DFD726 /* Something_To_ReadUITests.swift */ = {isa = PBXFileReference; lastKnownFileType = sourcecode.swift; path = Something_To_ReadUITests.swift; sourceTree = "<group>"; };
		861BA793286084DF00DFD726 /* Something_To_ReadUITestsLaunchTests.swift */ = {isa = PBXFileReference; lastKnownFileType = sourcecode.swift; path = Something_To_ReadUITestsLaunchTests.swift; sourceTree = "<group>"; };
		861BA7A028608B3F00DFD726 /* Category.swift */ = {isa = PBXFileReference; lastKnownFileType = sourcecode.swift; path = Category.swift; sourceTree = "<group>"; };
		861BA7A228608F4900DFD726 /* BestsellersView.swift */ = {isa = PBXFileReference; lastKnownFileType = sourcecode.swift; path = BestsellersView.swift; sourceTree = "<group>"; };
		861BA7A42860909F00DFD726 /* DateView.swift */ = {isa = PBXFileReference; lastKnownFileType = sourcecode.swift; path = DateView.swift; sourceTree = "<group>"; };
		861BA7A62860961100DFD726 /* Book.swift */ = {isa = PBXFileReference; lastKnownFileType = sourcecode.swift; path = Book.swift; sourceTree = "<group>"; };
		861BA7A82860AA9000DFD726 /* DetailsView.swift */ = {isa = PBXFileReference; lastKnownFileType = sourcecode.swift; path = DetailsView.swift; sourceTree = "<group>"; };
		861BA7AC2861188D00DFD726 /* ReadLaterView.swift */ = {isa = PBXFileReference; lastKnownFileType = sourcecode.swift; path = ReadLaterView.swift; sourceTree = "<group>"; };
		8629285028611B9C001533B7 /* ReadingList.xcdatamodel */ = {isa = PBXFileReference; lastKnownFileType = wrapper.xcdatamodel; path = ReadingList.xcdatamodel; sourceTree = "<group>"; };
		8629285228611D6D001533B7 /* DataController.swift */ = {isa = PBXFileReference; lastKnownFileType = sourcecode.swift; path = DataController.swift; sourceTree = "<group>"; };
		8629285428612011001533B7 /* SavedBook+CoreDataClass.swift */ = {isa = PBXFileReference; lastKnownFileType = sourcecode.swift; path = "SavedBook+CoreDataClass.swift"; sourceTree = "<group>"; };
		8629285528612011001533B7 /* SavedBook+CoreDataProperties.swift */ = {isa = PBXFileReference; lastKnownFileType = sourcecode.swift; path = "SavedBook+CoreDataProperties.swift"; sourceTree = "<group>"; };
		8629285628612011001533B7 /* SavedBuyLink+CoreDataClass.swift */ = {isa = PBXFileReference; lastKnownFileType = sourcecode.swift; path = "SavedBuyLink+CoreDataClass.swift"; sourceTree = "<group>"; };
		8629285728612011001533B7 /* SavedBuyLink+CoreDataProperties.swift */ = {isa = PBXFileReference; lastKnownFileType = sourcecode.swift; path = "SavedBuyLink+CoreDataProperties.swift"; sourceTree = "<group>"; };
		8629285C2861F933001533B7 /* FilterView.swift */ = {isa = PBXFileReference; lastKnownFileType = sourcecode.swift; path = FilterView.swift; sourceTree = "<group>"; };
/* End PBXFileReference section */

/* Begin PBXFrameworksBuildPhase section */
		861BA770286084DD00DFD726 /* Frameworks */ = {
			isa = PBXFrameworksBuildPhase;
			buildActionMask = 2147483647;
			files = (
			);
			runOnlyForDeploymentPostprocessing = 0;
		};
		861BA780286084DF00DFD726 /* Frameworks */ = {
			isa = PBXFrameworksBuildPhase;
			buildActionMask = 2147483647;
			files = (
			);
			runOnlyForDeploymentPostprocessing = 0;
		};
		861BA78A286084DF00DFD726 /* Frameworks */ = {
			isa = PBXFrameworksBuildPhase;
			buildActionMask = 2147483647;
			files = (
			);
			runOnlyForDeploymentPostprocessing = 0;
		};
/* End PBXFrameworksBuildPhase section */

/* Begin PBXGroup section */
		861BA76A286084DD00DFD726 = {
			isa = PBXGroup;
			children = (
				861BA775286084DD00DFD726 /* Something To Read */,
				861BA786286084DF00DFD726 /* Something To ReadTests */,
				861BA790286084DF00DFD726 /* Something To ReadUITests */,
				861BA774286084DD00DFD726 /* Products */,
			);
			sourceTree = "<group>";
		};
		861BA774286084DD00DFD726 /* Products */ = {
			isa = PBXGroup;
			children = (
				861BA773286084DD00DFD726 /* Something To Read.app */,
				861BA783286084DF00DFD726 /* Something To ReadTests.xctest */,
				861BA78D286084DF00DFD726 /* Something To ReadUITests.xctest */,
			);
			name = Products;
			sourceTree = "<group>";
		};
		861BA775286084DD00DFD726 /* Something To Read */ = {
			isa = PBXGroup;
			children = (
				8629285428612011001533B7 /* SavedBook+CoreDataClass.swift */,
				8629285528612011001533B7 /* SavedBook+CoreDataProperties.swift */,
				8629285628612011001533B7 /* SavedBuyLink+CoreDataClass.swift */,
				8629285728612011001533B7 /* SavedBuyLink+CoreDataProperties.swift */,
				861BA776286084DD00DFD726 /* Something_To_ReadApp.swift */,
				861BA778286084DD00DFD726 /* ContentView.swift */,
				861BA7AC2861188D00DFD726 /* ReadLaterView.swift */,
				861BA7A228608F4900DFD726 /* BestsellersView.swift */,
				861BA7A42860909F00DFD726 /* DateView.swift */,
				8629285C2861F933001533B7 /* FilterView.swift */,
				861BA7A028608B3F00DFD726 /* Category.swift */,
				861BA7A82860AA9000DFD726 /* DetailsView.swift */,
				8629284F28611B9C001533B7 /* ReadingList.xcdatamodeld */,
				8629285228611D6D001533B7 /* DataController.swift */,
				861BA7A62860961100DFD726 /* Book.swift */,
				861BA77A286084DF00DFD726 /* Assets.xcassets */,
				861BA77C286084DF00DFD726 /* Preview Content */,
			);
			path = "Something To Read";
			sourceTree = "<group>";
		};
		861BA77C286084DF00DFD726 /* Preview Content */ = {
			isa = PBXGroup;
			children = (
				861BA77D286084DF00DFD726 /* Preview Assets.xcassets */,
			);
			path = "Preview Content";
			sourceTree = "<group>";
		};
		861BA786286084DF00DFD726 /* Something To ReadTests */ = {
			isa = PBXGroup;
			children = (
				861BA787286084DF00DFD726 /* Something_To_ReadTests.swift */,
			);
			path = "Something To ReadTests";
			sourceTree = "<group>";
		};
		861BA790286084DF00DFD726 /* Something To ReadUITests */ = {
			isa = PBXGroup;
			children = (
				861BA791286084DF00DFD726 /* Something_To_ReadUITests.swift */,
				861BA793286084DF00DFD726 /* Something_To_ReadUITestsLaunchTests.swift */,
			);
			path = "Something To ReadUITests";
			sourceTree = "<group>";
		};
/* End PBXGroup section */

/* Begin PBXNativeTarget section */
		861BA772286084DD00DFD726 /* Something To Read */ = {
			isa = PBXNativeTarget;
			buildConfigurationList = 861BA797286084DF00DFD726 /* Build configuration list for PBXNativeTarget "Something To Read" */;
			buildPhases = (
				861BA76F286084DD00DFD726 /* Sources */,
				861BA770286084DD00DFD726 /* Frameworks */,
				861BA771286084DD00DFD726 /* Resources */,
			);
			buildRules = (
			);
			dependencies = (
			);
			name = "Something To Read";
			productName = "Something To Read";
			productReference = 861BA773286084DD00DFD726 /* Something To Read.app */;
			productType = "com.apple.product-type.application";
		};
		861BA782286084DF00DFD726 /* Something To ReadTests */ = {
			isa = PBXNativeTarget;
			buildConfigurationList = 861BA79A286084DF00DFD726 /* Build configuration list for PBXNativeTarget "Something To ReadTests" */;
			buildPhases = (
				861BA77F286084DF00DFD726 /* Sources */,
				861BA780286084DF00DFD726 /* Frameworks */,
				861BA781286084DF00DFD726 /* Resources */,
			);
			buildRules = (
			);
			dependencies = (
				861BA785286084DF00DFD726 /* PBXTargetDependency */,
			);
			name = "Something To ReadTests";
			productName = "Something To ReadTests";
			productReference = 861BA783286084DF00DFD726 /* Something To ReadTests.xctest */;
			productType = "com.apple.product-type.bundle.unit-test";
		};
		861BA78C286084DF00DFD726 /* Something To ReadUITests */ = {
			isa = PBXNativeTarget;
			buildConfigurationList = 861BA79D286084DF00DFD726 /* Build configuration list for PBXNativeTarget "Something To ReadUITests" */;
			buildPhases = (
				861BA789286084DF00DFD726 /* Sources */,
				861BA78A286084DF00DFD726 /* Frameworks */,
				861BA78B286084DF00DFD726 /* Resources */,
			);
			buildRules = (
			);
			dependencies = (
				861BA78F286084DF00DFD726 /* PBXTargetDependency */,
			);
			name = "Something To ReadUITests";
			productName = "Something To ReadUITests";
			productReference = 861BA78D286084DF00DFD726 /* Something To ReadUITests.xctest */;
			productType = "com.apple.product-type.bundle.ui-testing";
		};
/* End PBXNativeTarget section */

/* Begin PBXProject section */
		861BA76B286084DD00DFD726 /* Project object */ = {
			isa = PBXProject;
			attributes = {
				BuildIndependentTargetsInParallel = 1;
				LastSwiftUpdateCheck = 1340;
				LastUpgradeCheck = 1340;
				TargetAttributes = {
					861BA772286084DD00DFD726 = {
						CreatedOnToolsVersion = 13.4.1;
					};
					861BA782286084DF00DFD726 = {
						CreatedOnToolsVersion = 13.4.1;
						TestTargetID = 861BA772286084DD00DFD726;
					};
					861BA78C286084DF00DFD726 = {
						CreatedOnToolsVersion = 13.4.1;
						TestTargetID = 861BA772286084DD00DFD726;
					};
				};
			};
			buildConfigurationList = 861BA76E286084DD00DFD726 /* Build configuration list for PBXProject "Something To Read" */;
			compatibilityVersion = "Xcode 13.0";
			developmentRegion = en;
			hasScannedForEncodings = 0;
			knownRegions = (
				en,
				Base,
			);
			mainGroup = 861BA76A286084DD00DFD726;
			productRefGroup = 861BA774286084DD00DFD726 /* Products */;
			projectDirPath = "";
			projectRoot = "";
			targets = (
				861BA772286084DD00DFD726 /* Something To Read */,
				861BA782286084DF00DFD726 /* Something To ReadTests */,
				861BA78C286084DF00DFD726 /* Something To ReadUITests */,
			);
		};
/* End PBXProject section */

/* Begin PBXResourcesBuildPhase section */
		861BA771286084DD00DFD726 /* Resources */ = {
			isa = PBXResourcesBuildPhase;
			buildActionMask = 2147483647;
			files = (
				861BA77E286084DF00DFD726 /* Preview Assets.xcassets in Resources */,
				861BA77B286084DF00DFD726 /* Assets.xcassets in Resources */,
			);
			runOnlyForDeploymentPostprocessing = 0;
		};
		861BA781286084DF00DFD726 /* Resources */ = {
			isa = PBXResourcesBuildPhase;
			buildActionMask = 2147483647;
			files = (
			);
			runOnlyForDeploymentPostprocessing = 0;
		};
		861BA78B286084DF00DFD726 /* Resources */ = {
			isa = PBXResourcesBuildPhase;
			buildActionMask = 2147483647;
			files = (
			);
			runOnlyForDeploymentPostprocessing = 0;
		};
/* End PBXResourcesBuildPhase section */

/* Begin PBXSourcesBuildPhase section */
		861BA76F286084DD00DFD726 /* Sources */ = {
			isa = PBXSourcesBuildPhase;
			buildActionMask = 2147483647;
			files = (
				8629285A28612011001533B7 /* SavedBuyLink+CoreDataClass.swift in Sources */,
				861BA779286084DD00DFD726 /* ContentView.swift in Sources */,
				861BA7A92860AA9000DFD726 /* DetailsView.swift in Sources */,
				861BA777286084DD00DFD726 /* Something_To_ReadApp.swift in Sources */,
				861BA7A72860961100DFD726 /* Book.swift in Sources */,
				8629285328611D6D001533B7 /* DataController.swift in Sources */,
				861BA7A128608B3F00DFD726 /* Category.swift in Sources */,
				861BA7AD2861188D00DFD726 /* ReadLaterView.swift in Sources */,
				861BA7A52860909F00DFD726 /* DateView.swift in Sources */,
				8629285B28612011001533B7 /* SavedBuyLink+CoreDataProperties.swift in Sources */,
				8629285128611B9C001533B7 /* ReadingList.xcdatamodeld in Sources */,
				8629285828612011001533B7 /* SavedBook+CoreDataClass.swift in Sources */,
				861BA7A328608F4900DFD726 /* BestsellersView.swift in Sources */,
				8629285D2861F933001533B7 /* FilterView.swift in Sources */,
				8629285928612011001533B7 /* SavedBook+CoreDataProperties.swift in Sources */,
			);
			runOnlyForDeploymentPostprocessing = 0;
		};
		861BA77F286084DF00DFD726 /* Sources */ = {
			isa = PBXSourcesBuildPhase;
			buildActionMask = 2147483647;
			files = (
				861BA788286084DF00DFD726 /* Something_To_ReadTests.swift in Sources */,
			);
			runOnlyForDeploymentPostprocessing = 0;
		};
		861BA789286084DF00DFD726 /* Sources */ = {
			isa = PBXSourcesBuildPhase;
			buildActionMask = 2147483647;
			files = (
				861BA794286084DF00DFD726 /* Something_To_ReadUITestsLaunchTests.swift in Sources */,
				861BA792286084DF00DFD726 /* Something_To_ReadUITests.swift in Sources */,
			);
			runOnlyForDeploymentPostprocessing = 0;
		};
/* End PBXSourcesBuildPhase section */

/* Begin PBXTargetDependency section */
		861BA785286084DF00DFD726 /* PBXTargetDependency */ = {
			isa = PBXTargetDependency;
			target = 861BA772286084DD00DFD726 /* Something To Read */;
			targetProxy = 861BA784286084DF00DFD726 /* PBXContainerItemProxy */;
		};
		861BA78F286084DF00DFD726 /* PBXTargetDependency */ = {
			isa = PBXTargetDependency;
			target = 861BA772286084DD00DFD726 /* Something To Read */;
			targetProxy = 861BA78E286084DF00DFD726 /* PBXContainerItemProxy */;
		};
/* End PBXTargetDependency section */

/* Begin XCBuildConfiguration section */
		861BA795286084DF00DFD726 /* Debug */ = {
			isa = XCBuildConfiguration;
			buildSettings = {
				ALWAYS_SEARCH_USER_PATHS = NO;
				CLANG_ANALYZER_NONNULL = YES;
				CLANG_ANALYZER_NUMBER_OBJECT_CONVERSION = YES_AGGRESSIVE;
				CLANG_CXX_LANGUAGE_STANDARD = "gnu++17";
				CLANG_ENABLE_MODULES = YES;
				CLANG_ENABLE_OBJC_ARC = YES;
				CLANG_ENABLE_OBJC_WEAK = YES;
				CLANG_WARN_BLOCK_CAPTURE_AUTORELEASING = YES;
				CLANG_WARN_BOOL_CONVERSION = YES;
				CLANG_WARN_COMMA = YES;
				CLANG_WARN_CONSTANT_CONVERSION = YES;
				CLANG_WARN_DEPRECATED_OBJC_IMPLEMENTATIONS = YES;
				CLANG_WARN_DIRECT_OBJC_ISA_USAGE = YES_ERROR;
				CLANG_WARN_DOCUMENTATION_COMMENTS = YES;
				CLANG_WARN_EMPTY_BODY = YES;
				CLANG_WARN_ENUM_CONVERSION = YES;
				CLANG_WARN_INFINITE_RECURSION = YES;
				CLANG_WARN_INT_CONVERSION = YES;
				CLANG_WARN_NON_LITERAL_NULL_CONVERSION = YES;
				CLANG_WARN_OBJC_IMPLICIT_RETAIN_SELF = YES;
				CLANG_WARN_OBJC_LITERAL_CONVERSION = YES;
				CLANG_WARN_OBJC_ROOT_CLASS = YES_ERROR;
				CLANG_WARN_QUOTED_INCLUDE_IN_FRAMEWORK_HEADER = YES;
				CLANG_WARN_RANGE_LOOP_ANALYSIS = YES;
				CLANG_WARN_STRICT_PROTOTYPES = YES;
				CLANG_WARN_SUSPICIOUS_MOVE = YES;
				CLANG_WARN_UNGUARDED_AVAILABILITY = YES_AGGRESSIVE;
				CLANG_WARN_UNREACHABLE_CODE = YES;
				CLANG_WARN__DUPLICATE_METHOD_MATCH = YES;
				COPY_PHASE_STRIP = NO;
				DEBUG_INFORMATION_FORMAT = dwarf;
				ENABLE_STRICT_OBJC_MSGSEND = YES;
				ENABLE_TESTABILITY = YES;
				GCC_C_LANGUAGE_STANDARD = gnu11;
				GCC_DYNAMIC_NO_PIC = NO;
				GCC_NO_COMMON_BLOCKS = YES;
				GCC_OPTIMIZATION_LEVEL = 0;
				GCC_PREPROCESSOR_DEFINITIONS = (
					"DEBUG=1",
					"$(inherited)",
				);
				GCC_WARN_64_TO_32_BIT_CONVERSION = YES;
				GCC_WARN_ABOUT_RETURN_TYPE = YES_ERROR;
				GCC_WARN_UNDECLARED_SELECTOR = YES;
				GCC_WARN_UNINITIALIZED_AUTOS = YES_AGGRESSIVE;
				GCC_WARN_UNUSED_FUNCTION = YES;
				GCC_WARN_UNUSED_VARIABLE = YES;
				IPHONEOS_DEPLOYMENT_TARGET = 15.5;
				MTL_ENABLE_DEBUG_INFO = INCLUDE_SOURCE;
				MTL_FAST_MATH = YES;
				ONLY_ACTIVE_ARCH = YES;
				SDKROOT = iphoneos;
				SWIFT_ACTIVE_COMPILATION_CONDITIONS = DEBUG;
				SWIFT_OPTIMIZATION_LEVEL = "-Onone";
			};
			name = Debug;
		};
		861BA796286084DF00DFD726 /* Release */ = {
			isa = XCBuildConfiguration;
			buildSettings = {
				ALWAYS_SEARCH_USER_PATHS = NO;
				CLANG_ANALYZER_NONNULL = YES;
				CLANG_ANALYZER_NUMBER_OBJECT_CONVERSION = YES_AGGRESSIVE;
				CLANG_CXX_LANGUAGE_STANDARD = "gnu++17";
				CLANG_ENABLE_MODULES = YES;
				CLANG_ENABLE_OBJC_ARC = YES;
				CLANG_ENABLE_OBJC_WEAK = YES;
				CLANG_WARN_BLOCK_CAPTURE_AUTORELEASING = YES;
				CLANG_WARN_BOOL_CONVERSION = YES;
				CLANG_WARN_COMMA = YES;
				CLANG_WARN_CONSTANT_CONVERSION = YES;
				CLANG_WARN_DEPRECATED_OBJC_IMPLEMENTATIONS = YES;
				CLANG_WARN_DIRECT_OBJC_ISA_USAGE = YES_ERROR;
				CLANG_WARN_DOCUMENTATION_COMMENTS = YES;
				CLANG_WARN_EMPTY_BODY = YES;
				CLANG_WARN_ENUM_CONVERSION = YES;
				CLANG_WARN_INFINITE_RECURSION = YES;
				CLANG_WARN_INT_CONVERSION = YES;
				CLANG_WARN_NON_LITERAL_NULL_CONVERSION = YES;
				CLANG_WARN_OBJC_IMPLICIT_RETAIN_SELF = YES;
				CLANG_WARN_OBJC_LITERAL_CONVERSION = YES;
				CLANG_WARN_OBJC_ROOT_CLASS = YES_ERROR;
				CLANG_WARN_QUOTED_INCLUDE_IN_FRAMEWORK_HEADER = YES;
				CLANG_WARN_RANGE_LOOP_ANALYSIS = YES;
				CLANG_WARN_STRICT_PROTOTYPES = YES;
				CLANG_WARN_SUSPICIOUS_MOVE = YES;
				CLANG_WARN_UNGUARDED_AVAILABILITY = YES_AGGRESSIVE;
				CLANG_WARN_UNREACHABLE_CODE = YES;
				CLANG_WARN__DUPLICATE_METHOD_MATCH = YES;
				COPY_PHASE_STRIP = NO;
				DEBUG_INFORMATION_FORMAT = "dwarf-with-dsym";
				ENABLE_NS_ASSERTIONS = NO;
				ENABLE_STRICT_OBJC_MSGSEND = YES;
				GCC_C_LANGUAGE_STANDARD = gnu11;
				GCC_NO_COMMON_BLOCKS = YES;
				GCC_WARN_64_TO_32_BIT_CONVERSION = YES;
				GCC_WARN_ABOUT_RETURN_TYPE = YES_ERROR;
				GCC_WARN_UNDECLARED_SELECTOR = YES;
				GCC_WARN_UNINITIALIZED_AUTOS = YES_AGGRESSIVE;
				GCC_WARN_UNUSED_FUNCTION = YES;
				GCC_WARN_UNUSED_VARIABLE = YES;
				IPHONEOS_DEPLOYMENT_TARGET = 15.5;
				MTL_ENABLE_DEBUG_INFO = NO;
				MTL_FAST_MATH = YES;
				SDKROOT = iphoneos;
				SWIFT_COMPILATION_MODE = wholemodule;
				SWIFT_OPTIMIZATION_LEVEL = "-O";
				VALIDATE_PRODUCT = YES;
			};
			name = Release;
		};
		861BA798286084DF00DFD726 /* Debug */ = {
			isa = XCBuildConfiguration;
			buildSettings = {
				ASSETCATALOG_COMPILER_APPICON_NAME = AppIcon;
				ASSETCATALOG_COMPILER_GLOBAL_ACCENT_COLOR_NAME = AccentColor;
				CODE_SIGN_STYLE = Automatic;
				CURRENT_PROJECT_VERSION = 1;
				DEVELOPMENT_ASSET_PATHS = "\"Something To Read/Preview Content\"";
				DEVELOPMENT_TEAM = S37PCXXY8Q;
				ENABLE_PREVIEWS = YES;
				GENERATE_INFOPLIST_FILE = YES;
				INFOPLIST_KEY_UIApplicationSceneManifest_Generation = YES;
				INFOPLIST_KEY_UIApplicationSupportsIndirectInputEvents = YES;
				INFOPLIST_KEY_UILaunchScreen_Generation = YES;
				INFOPLIST_KEY_UISupportedInterfaceOrientations_iPad = "UIInterfaceOrientationPortrait UIInterfaceOrientationPortraitUpsideDown UIInterfaceOrientationLandscapeLeft UIInterfaceOrientationLandscapeRight";
				INFOPLIST_KEY_UISupportedInterfaceOrientations_iPhone = "UIInterfaceOrientationPortrait UIInterfaceOrientationLandscapeLeft UIInterfaceOrientationLandscapeRight";
				LD_RUNPATH_SEARCH_PATHS = (
					"$(inherited)",
					"@executable_path/Frameworks",
				);
				MARKETING_VERSION = 1.0;
				PRODUCT_BUNDLE_IDENTIFIER = "com.bartoszklimek.Something-To-Read";
				PRODUCT_NAME = "$(TARGET_NAME)";
				SWIFT_EMIT_LOC_STRINGS = YES;
				SWIFT_VERSION = 5.0;
				TARGETED_DEVICE_FAMILY = "1,2";
			};
			name = Debug;
		};
		861BA799286084DF00DFD726 /* Release */ = {
			isa = XCBuildConfiguration;
			buildSettings = {
				ASSETCATALOG_COMPILER_APPICON_NAME = AppIcon;
				ASSETCATALOG_COMPILER_GLOBAL_ACCENT_COLOR_NAME = AccentColor;
				CODE_SIGN_STYLE = Automatic;
				CURRENT_PROJECT_VERSION = 1;
				DEVELOPMENT_ASSET_PATHS = "\"Something To Read/Preview Content\"";
				DEVELOPMENT_TEAM = S37PCXXY8Q;
				ENABLE_PREVIEWS = YES;
				GENERATE_INFOPLIST_FILE = YES;
				INFOPLIST_KEY_UIApplicationSceneManifest_Generation = YES;
				INFOPLIST_KEY_UIApplicationSupportsIndirectInputEvents = YES;
				INFOPLIST_KEY_UILaunchScreen_Generation = YES;
				INFOPLIST_KEY_UISupportedInterfaceOrientations_iPad = "UIInterfaceOrientationPortrait UIInterfaceOrientationPortraitUpsideDown UIInterfaceOrientationLandscapeLeft UIInterfaceOrientationLandscapeRight";
				INFOPLIST_KEY_UISupportedInterfaceOrientations_iPhone = "UIInterfaceOrientationPortrait UIInterfaceOrientationLandscapeLeft UIInterfaceOrientationLandscapeRight";
				LD_RUNPATH_SEARCH_PATHS = (
					"$(inherited)",
					"@executable_path/Frameworks",
				);
				MARKETING_VERSION = 1.0;
				PRODUCT_BUNDLE_IDENTIFIER = "com.bartoszklimek.Something-To-Read";
				PRODUCT_NAME = "$(TARGET_NAME)";
				SWIFT_EMIT_LOC_STRINGS = YES;
				SWIFT_VERSION = 5.0;
				TARGETED_DEVICE_FAMILY = "1,2";
			};
			name = Release;
		};
		861BA79B286084DF00DFD726 /* Debug */ = {
			isa = XCBuildConfiguration;
			buildSettings = {
				ALWAYS_EMBED_SWIFT_STANDARD_LIBRARIES = YES;
				BUNDLE_LOADER = "$(TEST_HOST)";
				CODE_SIGN_STYLE = Automatic;
				CURRENT_PROJECT_VERSION = 1;
				DEVELOPMENT_TEAM = S37PCXXY8Q;
				GENERATE_INFOPLIST_FILE = YES;
				IPHONEOS_DEPLOYMENT_TARGET = 15.5;
				MARKETING_VERSION = 1.0;
				PRODUCT_BUNDLE_IDENTIFIER = "com.bartoszklimek.Something-To-ReadTests";
				PRODUCT_NAME = "$(TARGET_NAME)";
				SWIFT_EMIT_LOC_STRINGS = NO;
				SWIFT_VERSION = 5.0;
				TARGETED_DEVICE_FAMILY = "1,2";
				TEST_HOST = "$(BUILT_PRODUCTS_DIR)/Something To Read.app/Something To Read";
			};
			name = Debug;
		};
		861BA79C286084DF00DFD726 /* Release */ = {
			isa = XCBuildConfiguration;
			buildSettings = {
				ALWAYS_EMBED_SWIFT_STANDARD_LIBRARIES = YES;
				BUNDLE_LOADER = "$(TEST_HOST)";
				CODE_SIGN_STYLE = Automatic;
				CURRENT_PROJECT_VERSION = 1;
				DEVELOPMENT_TEAM = S37PCXXY8Q;
				GENERATE_INFOPLIST_FILE = YES;
				IPHONEOS_DEPLOYMENT_TARGET = 15.5;
				MARKETING_VERSION = 1.0;
				PRODUCT_BUNDLE_IDENTIFIER = "com.bartoszklimek.Something-To-ReadTests";
				PRODUCT_NAME = "$(TARGET_NAME)";
				SWIFT_EMIT_LOC_STRINGS = NO;
				SWIFT_VERSION = 5.0;
				TARGETED_DEVICE_FAMILY = "1,2";
				TEST_HOST = "$(BUILT_PRODUCTS_DIR)/Something To Read.app/Something To Read";
			};
			name = Release;
		};
		861BA79E286084DF00DFD726 /* Debug */ = {
			isa = XCBuildConfiguration;
			buildSettings = {
				ALWAYS_EMBED_SWIFT_STANDARD_LIBRARIES = YES;
				CODE_SIGN_STYLE = Automatic;
				CURRENT_PROJECT_VERSION = 1;
				DEVELOPMENT_TEAM = S37PCXXY8Q;
				GENERATE_INFOPLIST_FILE = YES;
				MARKETING_VERSION = 1.0;
				PRODUCT_BUNDLE_IDENTIFIER = "com.bartoszklimek.Something-To-ReadUITests";
				PRODUCT_NAME = "$(TARGET_NAME)";
				SWIFT_EMIT_LOC_STRINGS = NO;
				SWIFT_VERSION = 5.0;
				TARGETED_DEVICE_FAMILY = "1,2";
				TEST_TARGET_NAME = "Something To Read";
			};
			name = Debug;
		};
		861BA79F286084DF00DFD726 /* Release */ = {
			isa = XCBuildConfiguration;
			buildSettings = {
				ALWAYS_EMBED_SWIFT_STANDARD_LIBRARIES = YES;
				CODE_SIGN_STYLE = Automatic;
				CURRENT_PROJECT_VERSION = 1;
				DEVELOPMENT_TEAM = S37PCXXY8Q;
				GENERATE_INFOPLIST_FILE = YES;
				MARKETING_VERSION = 1.0;
				PRODUCT_BUNDLE_IDENTIFIER = "com.bartoszklimek.Something-To-ReadUITests";
				PRODUCT_NAME = "$(TARGET_NAME)";
				SWIFT_EMIT_LOC_STRINGS = NO;
				SWIFT_VERSION = 5.0;
				TARGETED_DEVICE_FAMILY = "1,2";
				TEST_TARGET_NAME = "Something To Read";
			};
			name = Release;
		};
/* End XCBuildConfiguration section */

/* Begin XCConfigurationList section */
		861BA76E286084DD00DFD726 /* Build configuration list for PBXProject "Something To Read" */ = {
			isa = XCConfigurationList;
			buildConfigurations = (
				861BA795286084DF00DFD726 /* Debug */,
				861BA796286084DF00DFD726 /* Release */,
			);
			defaultConfigurationIsVisible = 0;
			defaultConfigurationName = Release;
		};
		861BA797286084DF00DFD726 /* Build configuration list for PBXNativeTarget "Something To Read" */ = {
			isa = XCConfigurationList;
			buildConfigurations = (
				861BA798286084DF00DFD726 /* Debug */,
				861BA799286084DF00DFD726 /* Release */,
			);
			defaultConfigurationIsVisible = 0;
			defaultConfigurationName = Release;
		};
		861BA79A286084DF00DFD726 /* Build configuration list for PBXNativeTarget "Something To ReadTests" */ = {
			isa = XCConfigurationList;
			buildConfigurations = (
				861BA79B286084DF00DFD726 /* Debug */,
				861BA79C286084DF00DFD726 /* Release */,
			);
			defaultConfigurationIsVisible = 0;
			defaultConfigurationName = Release;
		};
		861BA79D286084DF00DFD726 /* Build configuration list for PBXNativeTarget "Something To ReadUITests" */ = {
			isa = XCConfigurationList;
			buildConfigurations = (
				861BA79E286084DF00DFD726 /* Debug */,
				861BA79F286084DF00DFD726 /* Release */,
			);
			defaultConfigurationIsVisible = 0;
			defaultConfigurationName = Release;
		};
/* End XCConfigurationList section */

/* Begin XCVersionGroup section */
		8629284F28611B9C001533B7 /* ReadingList.xcdatamodeld */ = {
			isa = XCVersionGroup;
			children = (
				8629285028611B9C001533B7 /* ReadingList.xcdatamodel */,
			);
			currentVersion = 8629285028611B9C001533B7 /* ReadingList.xcdatamodel */;
			path = ReadingList.xcdatamodeld;
			sourceTree = "<group>";
			versionGroupType = wrapper.xcdatamodel;
		};
/* End XCVersionGroup section */
	};
	rootObject = 861BA76B286084DD00DFD726 /* Project object */;
}
